<?xml version="1.0" encoding="utf-8"?>
<Project ToolsVersion="4.0" xmlns="http://schemas.microsoft.com/developer/msbuild/2003">
  <ItemGroup>
    <Filter Include="Исходные файлы">
      <UniqueIdentifier>{4FC737F1-C7A5-4376-A066-2A32D752A2FF}</UniqueIdentifier>
      <Extensions>cpp;c;cc;cxx;c++;cppm;ixx;def;odl;idl;hpj;bat;asm;asmx</Extensions>
    </Filter>
    <Filter Include="Файлы заголовков">
      <UniqueIdentifier>{93995380-89BD-4b04-88EB-625FBE52EBFB}</UniqueIdentifier>
      <Extensions>h;hh;hpp;hxx;h++;hm;inl;inc;ipp;xsd</Extensions>
    </Filter>
    <Filter Include="Файлы ресурсов">
      <UniqueIdentifier>{67DA6AB6-F800-4c08-8B7A-83BB121AAD01}</UniqueIdentifier>
      <Extensions>rc;ico;cur;bmp;dlg;rc2;rct;bin;rgs;gif;jpg;jpeg;jpe;resx;tiff;tif;png;wav;mfcribbon-ms</Extensions>
    </Filter>
    <Filter Include="GL">
      <UniqueIdentifier>{494beb95-cd3f-4219-a69f-2b66a69e520e}</UniqueIdentifier>
    </Filter>
    <Filter Include="Shader">
      <UniqueIdentifier>{92d3d7b6-2ebc-4ec0-bc05-a22d444e37df}</UniqueIdentifier>
    </Filter>
    <Filter Include="Render">
      <UniqueIdentifier>{120c442b-7dbe-45b3-b7db-0b28152b3253}</UniqueIdentifier>
    </Filter>
    <Filter Include="Lib">
      <UniqueIdentifier>{c0fbfc68-2be2-4910-a55d-a421713a5865}</UniqueIdentifier>
    </Filter>
  </ItemGroup>
  <ItemGroup>
    <ClCompile Include="MarsPlay.cpp">
      <Filter>Исходные файлы</Filter>
    </ClCompile>
    <ClCompile Include="RenderMars.cpp">
      <Filter>Render</Filter>
    </ClCompile>
    <ClCompile Include="SceneRender.cpp">
      <Filter>Render</Filter>
    </ClCompile>
    <ClCompile Include="SceneRenderBase.cpp">
      <Filter>Render</Filter>
    </ClCompile>
    <ClCompile Include="BufferOpenGL.cpp">
      <Filter>GL</Filter>
    </ClCompile>
    <ClCompile Include="IndexBuffer.cpp">
      <Filter>GL</Filter>
    </ClCompile>
    <ClCompile Include="ShaderLoader.cpp">
      <Filter>GL</Filter>
    </ClCompile>
    <ClCompile Include="ShaderProgram.cpp">
      <Filter>GL</Filter>
    </ClCompile>
    <ClCompile Include="VertexBuffer.cpp">
      <Filter>GL</Filter>
    </ClCompile>
    <ClCompile Include="PedrReader.cpp">
      <Filter>Render</Filter>
    </ClCompile>
    <ClCompile Include="lib.cpp">
      <Filter>Lib</Filter>
    </ClCompile>
    <ClCompile Include="Palette.cpp">
      <Filter>Render</Filter>
    </ClCompile>
    <ClCompile Include="TextureBuffer.cpp">
      <Filter>GL</Filter>
    </ClCompile>
  </ItemGroup>
  <ItemGroup>
    <None Include="Shader\mars_fragment.shader">
      <Filter>Shader</Filter>
    </None>
    <None Include="Shader\mars_vertex.shader">
      <Filter>Shader</Filter>
    </None>
    <None Include="MarsPlay.config" />
  </ItemGroup>
  <ItemGroup>
    <ClInclude Include="Render.h">
      <Filter>Render</Filter>
    </ClInclude>
    <ClInclude Include="RenderMars.h">
      <Filter>Render</Filter>
    </ClInclude>
    <ClInclude Include="SceneRender.h">
      <Filter>Render</Filter>
    </ClInclude>
    <ClInclude Include="SceneRenderBase.h">
      <Filter>Render</Filter>
    </ClInclude>
    <ClInclude Include="resource.h">
      <Filter>Файлы ресурсов</Filter>
    </ClInclude>
    <ClInclude Include="BufferBounder.h">
      <Filter>GL</Filter>
    </ClInclude>
    <ClInclude Include="BufferOpenGL.h">
      <Filter>GL</Filter>
    </ClInclude>
    <ClInclude Include="IndexBuffer.h">
      <Filter>GL</Filter>
    </ClInclude>
    <ClInclude Include="ShaderLoader.h">
      <Filter>GL</Filter>
    </ClInclude>
    <ClInclude Include="ShaderProgram.h">
      <Filter>GL</Filter>
    </ClInclude>
    <ClInclude Include="VertexBuffer.h">
      <Filter>GL</Filter>
    </ClInclude>
    <ClInclude Include="lib.h">
      <Filter>Lib</Filter>
    </ClInclude>
    <ClInclude Include="Vocabulary.h">
      <Filter>Lib</Filter>
    </ClInclude>
    <ClInclude Include="Utils.h">
      <Filter>Lib</Filter>
    </ClInclude>
    <ClInclude Include="PedrReader.h">
      <Filter>Render</Filter>
    </ClInclude>
    <ClInclude Include="Palette.h">
      <Filter>Render</Filter>
    </ClInclude>
    <ClInclude Include="TextureBuffer.h">
      <Filter>GL</Filter>
    </ClInclude>
    <ClInclude Include="MarsPlay.h">
      <Filter>Файлы заголовков</Filter>
    </ClInclude>
  </ItemGroup>
  <ItemGroup>
    <ResourceCompile Include="Shader.rc">
      <Filter>Файлы ресурсов</Filter>
    </ResourceCompile>
  </ItemGroup>
</Project>